// !$*UTF8*$!
{
	archiveVersion = 1;
	classes = {
	};
	objectVersion = 46;
	objects = {

/* Begin PBXBuildFile section */
		513E5BC21B4E871E00B8C812 /* main.m in Sources */ = {isa = PBXBuildFile; fileRef = 513E5BC11B4E871E00B8C812 /* main.m */; };
		513E5BC51B4E871E00B8C812 /* AppDelegate.m in Sources */ = {isa = PBXBuildFile; fileRef = 513E5BC41B4E871E00B8C812 /* AppDelegate.m */; };
		513E5BC81B4E871E00B8C812 /* ViewController.m in Sources */ = {isa = PBXBuildFile; fileRef = 513E5BC71B4E871E00B8C812 /* ViewController.m */; };
		513E5BCB1B4E871E00B8C812 /* Main.storyboard in Resources */ = {isa = PBXBuildFile; fileRef = 513E5BC91B4E871E00B8C812 /* Main.storyboard */; };
		513E5BCD1B4E871E00B8C812 /* Images.xcassets in Resources */ = {isa = PBXBuildFile; fileRef = 513E5BCC1B4E871E00B8C812 /* Images.xcassets */; };
		513E5BD01B4E871E00B8C812 /* LaunchScreen.xib in Resources */ = {isa = PBXBuildFile; fileRef = 513E5BCE1B4E871E00B8C812 /* LaunchScreen.xib */; };
		513E5BDC1B4E871F00B8C812 /* mybuttonTests.m in Sources */ = {isa = PBXBuildFile; fileRef = 513E5BDB1B4E871F00B8C812 /* mybuttonTests.m */; };
		513E5BE71B4E873B00B8C812 /* btRippleButtton.m in Sources */ = {isa = PBXBuildFile; fileRef = 513E5BE61B4E873B00B8C812 /* btRippleButtton.m */; };
		513E5BEA1B4E876B00B8C812 /* QuartzCore.framework in Frameworks */ = {isa = PBXBuildFile; fileRef = 513E5BE91B4E876B00B8C812 /* QuartzCore.framework */; };
		513E5BEC1B4E877900B8C812 /* CoreGraphics.framework in Frameworks */ = {isa = PBXBuildFile; fileRef = 513E5BEB1B4E877900B8C812 /* CoreGraphics.framework */; };
		513E5BEE1B4E878400B8C812 /* Foundation.framework in Frameworks */ = {isa = PBXBuildFile; fileRef = 513E5BED1B4E878300B8C812 /* Foundation.framework */; };
		513E5BF01B4E878B00B8C812 /* UIKit.framework in Frameworks */ = {isa = PBXBuildFile; fileRef = 513E5BEF1B4E878B00B8C812 /* UIKit.framework */; };
/* End PBXBuildFile section */

/* Begin PBXContainerItemProxy section */
		513E5BD61B4E871F00B8C812 /* PBXContainerItemProxy */ = {
			isa = PBXContainerItemProxy;
			containerPortal = 513E5BB41B4E871E00B8C812 /* Project object */;
			proxyType = 1;
			remoteGlobalIDString = 513E5BBB1B4E871E00B8C812;
			remoteInfo = mybutton;
		};
/* End PBXContainerItemProxy section */

/* Begin PBXFileReference section */
		513E5BBC1B4E871E00B8C812 /* mybutton.app */ = {isa = PBXFileReference; explicitFileType = wrapper.application; includeInIndex = 0; path = mybutton.app; sourceTree = BUILT_PRODUCTS_DIR; };
		513E5BC01B4E871E00B8C812 /* Info.plist */ = {isa = PBXFileReference; lastKnownFileType = text.plist.xml; path = Info.plist; sourceTree = "<group>"; };
		513E5BC11B4E871E00B8C812 /* main.m */ = {isa = PBXFileReference; lastKnownFileType = sourcecode.c.objc; path = main.m; sourceTree = "<group>"; };
		513E5BC31B4E871E00B8C812 /* AppDelegate.h */ = {isa = PBXFileReference; lastKnownFileType = sourcecode.c.h; path = AppDelegate.h; sourceTree = "<group>"; };
		513E5BC41B4E871E00B8C812 /* AppDelegate.m */ = {isa = PBXFileReference; lastKnownFileType = sourcecode.c.objc; path = AppDelegate.m; sourceTree = "<group>"; };
		513E5BC61B4E871E00B8C812 /* ViewController.h */ = {isa = PBXFileReference; lastKnownFileType = sourcecode.c.h; path = ViewController.h; sourceTree = "<group>"; };
		513E5BC71B4E871E00B8C812 /* ViewController.m */ = {isa = PBXFileReference; lastKnownFileType = sourcecode.c.objc; path = ViewController.m; sourceTree = "<group>"; };
		513E5BCA1B4E871E00B8C812 /* Base */ = {isa = PBXFileReference; lastKnownFileType = file.storyboard; name = Base; path = Base.lproj/Main.storyboard; sourceTree = "<group>"; };
		513E5BCC1B4E871E00B8C812 /* Images.xcassets */ = {isa = PBXFileReference; lastKnownFileType = folder.assetcatalog; path = Images.xcassets; sourceTree = "<group>"; };
		513E5BCF1B4E871E00B8C812 /* Base */ = {isa = PBXFileReference; lastKnownFileType = file.xib; name = Base; path = Base.lproj/LaunchScreen.xib; sourceTree = "<group>"; };
		513E5BD51B4E871F00B8C812 /* mybuttonTests.xctest */ = {isa = PBXFileReference; explicitFileType = wrapper.cfbundle; includeInIndex = 0; path = mybuttonTests.xctest; sourceTree = BUILT_PRODUCTS_DIR; };
		513E5BDA1B4E871F00B8C812 /* Info.plist */ = {isa = PBXFileReference; lastKnownFileType = text.plist.xml; path = Info.plist; sourceTree = "<group>"; };
		513E5BDB1B4E871F00B8C812 /* mybuttonTests.m */ = {isa = PBXFileReference; lastKnownFileType = sourcecode.c.objc; path = mybuttonTests.m; sourceTree = "<group>"; };
		513E5BE51B4E873B00B8C812 /* btRippleButtton.h */ = {isa = PBXFileReference; fileEncoding = 4; lastKnownFileType = sourcecode.c.h; path = btRippleButtton.h; sourceTree = "<group>"; };
		513E5BE61B4E873B00B8C812 /* btRippleButtton.m */ = {isa = PBXFileReference; fileEncoding = 4; lastKnownFileType = sourcecode.c.objc; path = btRippleButtton.m; sourceTree = "<group>"; };
		513E5BE91B4E876B00B8C812 /* QuartzCore.framework */ = {isa = PBXFileReference; lastKnownFileType = wrapper.framework; name = QuartzCore.framework; path = System/Library/Frameworks/QuartzCore.framework; sourceTree = SDKROOT; };
		513E5BEB1B4E877900B8C812 /* CoreGraphics.framework */ = {isa = PBXFileReference; lastKnownFileType = wrapper.framework; name = CoreGraphics.framework; path = System/Library/Frameworks/CoreGraphics.framework; sourceTree = SDKROOT; };
		513E5BED1B4E878300B8C812 /* Foundation.framework */ = {isa = PBXFileReference; lastKnownFileType = wrapper.framework; name = Foundation.framework; path = System/Library/Frameworks/Foundation.framework; sourceTree = SDKROOT; };
		513E5BEF1B4E878B00B8C812 /* UIKit.framework */ = {isa = PBXFileReference; lastKnownFileType = wrapper.framework; name = UIKit.framework; path = System/Library/Frameworks/UIKit.framework; sourceTree = SDKROOT; };
/* End PBXFileReference section */

/* Begin PBXFrameworksBuildPhase section */
		513E5BB91B4E871E00B8C812 /* Frameworks */ = {
			isa = PBXFrameworksBuildPhase;
			buildActionMask = 2147483647;
			files = (
				513E5BF01B4E878B00B8C812 /* UIKit.framework in Frameworks */,
				513E5BEE1B4E878400B8C812 /* Foundation.framework in Frameworks */,
				513E5BEC1B4E877900B8C812 /* CoreGraphics.framework in Frameworks */,
				513E5BEA1B4E876B00B8C812 /* QuartzCore.framework in Frameworks */,
			);
			runOnlyForDeploymentPostprocessing = 0;
		};
		513E5BD21B4E871F00B8C812 /* Frameworks */ = {
			isa = PBXFrameworksBuildPhase;
			buildActionMask = 2147483647;
			files = (
			);
			runOnlyForDeploymentPostprocessing = 0;
		};
/* End PBXFrameworksBuildPhase section */

/* Begin PBXGroup section */
		513E5BB31B4E871E00B8C812 = {
			isa = PBXGroup;
			children = (
				513E5BE81B4E874F00B8C812 /* Frameworks */,
				513E5BBE1B4E871E00B8C812 /* mybutton */,
				513E5BD81B4E871F00B8C812 /* mybuttonTests */,
				513E5BBD1B4E871E00B8C812 /* Products */,
			);
			sourceTree = "<group>";
		};
		513E5BBD1B4E871E00B8C812 /* Products */ = {
			isa = PBXGroup;
			children = (
				513E5BBC1B4E871E00B8C812 /* mybutton.app */,
				513E5BD51B4E871F00B8C812 /* mybuttonTests.xctest */,
			);
			name = Products;
			sourceTree = "<group>";
		};
		513E5BBE1B4E871E00B8C812 /* mybutton */ = {
			isa = PBXGroup;
			children = (
				513E5BE51B4E873B00B8C812 /* btRippleButtton.h */,
				513E5BE61B4E873B00B8C812 /* btRippleButtton.m */,
				513E5BC31B4E871E00B8C812 /* AppDelegate.h */,
				513E5BC41B4E871E00B8C812 /* AppDelegate.m */,
				513E5BC61B4E871E00B8C812 /* ViewController.h */,
				513E5BC71B4E871E00B8C812 /* ViewController.m */,
				513E5BC91B4E871E00B8C812 /* Main.storyboard */,
				513E5BCC1B4E871E00B8C812 /* Images.xcassets */,
				513E5BCE1B4E871E00B8C812 /* LaunchScreen.xib */,
				513E5BBF1B4E871E00B8C812 /* Supporting Files */,
			);
			path = mybutton;
			sourceTree = "<group>";
		};
		513E5BBF1B4E871E00B8C812 /* Supporting Files */ = {
			isa = PBXGroup;
			children = (
				513E5BC01B4E871E00B8C812 /* Info.plist */,
				513E5BC11B4E871E00B8C812 /* main.m */,
			);
			name = "Supporting Files";
			sourceTree = "<group>";
		};
		513E5BD81B4E871F00B8C812 /* mybuttonTests */ = {
			isa = PBXGroup;
			children = (
				513E5BDB1B4E871F00B8C812 /* mybuttonTests.m */,
				513E5BD91B4E871F00B8C812 /* Supporting Files */,
			);
			path = mybuttonTests;
			sourceTree = "<group>";
		};
		513E5BD91B4E871F00B8C812 /* Supporting Files */ = {
			isa = PBXGroup;
			children = (
				513E5BDA1B4E871F00B8C812 /* Info.plist */,
			);
			name = "Supporting Files";
			sourceTree = "<group>";
		};
		513E5BE81B4E874F00B8C812 /* Frameworks */ = {
			isa = PBXGroup;
			children = (
				513E5BEF1B4E878B00B8C812 /* UIKit.framework */,
				513E5BED1B4E878300B8C812 /* Foundation.framework */,
				513E5BEB1B4E877900B8C812 /* CoreGraphics.framework */,
				513E5BE91B4E876B00B8C812 /* QuartzCore.framework */,
			);
			name = Frameworks;
			sourceTree = "<group>";
		};
/* End PBXGroup section */

/* Begin PBXNativeTarget section */
		513E5BBB1B4E871E00B8C812 /* mybutton */ = {
			isa = PBXNativeTarget;
			buildConfigurationList = 513E5BDF1B4E871F00B8C812 /* Build configuration list for PBXNativeTarget "mybutton" */;
			buildPhases = (
				513E5BB81B4E871E00B8C812 /* Sources */,
				513E5BB91B4E871E00B8C812 /* Frameworks */,
				513E5BBA1B4E871E00B8C812 /* Resources */,
			);
			buildRules = (
			);
			dependencies = (
			);
			name = mybutton;
			productName = mybutton;
			productReference = 513E5BBC1B4E871E00B8C812 /* mybutton.app */;
			productType = "com.apple.product-type.application";
		};
		513E5BD41B4E871F00B8C812 /* mybuttonTests */ = {
			isa = PBXNativeTarget;
			buildConfigurationList = 513E5BE21B4E871F00B8C812 /* Build configuration list for PBXNativeTarget "mybuttonTests" */;
			buildPhases = (
				513E5BD11B4E871F00B8C812 /* Sources */,
				513E5BD21B4E871F00B8C812 /* Frameworks */,
				513E5BD31B4E871F00B8C812 /* Resources */,
			);
			buildRules = (
			);
			dependencies = (
				513E5BD71B4E871F00B8C812 /* PBXTargetDependency */,
			);
			name = mybuttonTests;
			productName = mybuttonTests;
			productReference = 513E5BD51B4E871F00B8C812 /* mybuttonTests.xctest */;
			productType = "com.apple.product-type.bundle.unit-test";
		};
/* End PBXNativeTarget section */

/* Begin PBXProject section */
		513E5BB41B4E871E00B8C812 /* Project object */ = {
			isa = PBXProject;
			attributes = {
				LastUpgradeCheck = 0630;
				ORGANIZATIONNAME = YuNie;
				TargetAttributes = {
					513E5BBB1B4E871E00B8C812 = {
						CreatedOnToolsVersion = 6.3.1;
					};
					513E5BD41B4E871F00B8C812 = {
						CreatedOnToolsVersion = 6.3.1;
						TestTargetID = 513E5BBB1B4E871E00B8C812;
					};
				};
			};
			buildConfigurationList = 513E5BB71B4E871E00B8C812 /* Build configuration list for PBXProject "mybutton" */;
			compatibilityVersion = "Xcode 3.2";
			developmentRegion = English;
			hasScannedForEncodings = 0;
			knownRegions = (
				en,
				Base,
			);
			mainGroup = 513E5BB31B4E871E00B8C812;
			productRefGroup = 513E5BBD1B4E871E00B8C812 /* Products */;
			projectDirPath = "";
			projectRoot = "";
			targets = (
				513E5BBB1B4E871E00B8C812 /* mybutton */,
				513E5BD41B4E871F00B8C812 /* mybuttonTests */,
			);
		};
/* End PBXProject section */

/* Begin PBXResourcesBuildPhase section */
		513E5BBA1B4E871E00B8C812 /* Resources */ = {
			isa = PBXResourcesBuildPhase;
			buildActionMask = 2147483647;
			files = (
				513E5BCB1B4E871E00B8C812 /* Main.storyboard in Resources */,
				513E5BD01B4E871E00B8C812 /* LaunchScreen.xib in Resources */,
				513E5BCD1B4E871E00B8C812 /* Images.xcassets in Resources */,
			);
			runOnlyForDeploymentPostprocessing = 0;
		};
		513E5BD31B4E871F00B8C812 /* Resources */ = {
			isa = PBXResourcesBuildPhase;
			buildActionMask = 2147483647;
			files = (
			);
			runOnlyForDeploymentPostprocessing = 0;
		};
/* End PBXResourcesBuildPhase section */

/* Begin PBXSourcesBuildPhase section */
		513E5BB81B4E871E00B8C812 /* Sources */ = {
			isa = PBXSourcesBuildPhase;
			buildActionMask = 2147483647;
			files = (
				513E5BC81B4E871E00B8C812 /* ViewController.m in Sources */,
				513E5BC51B4E871E00B8C812 /* AppDelegate.m in Sources */,
				513E5BE71B4E873B00B8C812 /* btRippleButtton.m in Sources */,
				513E5BC21B4E871E00B8C812 /* main.m in Sources */,
			);
			runOnlyForDeploymentPostprocessing = 0;
		};
		513E5BD11B4E871F00B8C812 /* Sources */ = {
			isa = PBXSourcesBuildPhase;
			buildActionMask = 2147483647;
			files = (
				513E5BDC1B4E871F00B8C812 /* mybuttonTests.m in Sources */,
			);
			runOnlyForDeploymentPostprocessing = 0;
		};
/* End PBXSourcesBuildPhase section */

/* Begin PBXTargetDependency section */
		513E5BD71B4E871F00B8C812 /* PBXTargetDependency */ = {
			isa = PBXTargetDependency;
			target = 513E5BBB1B4E871E00B8C812 /* mybutton */;
			targetProxy = 513E5BD61B4E871F00B8C812 /* PBXContainerItemProxy */;
		};
/* End PBXTargetDependency section */

/* Begin PBXVariantGroup section */
		513E5BC91B4E871E00B8C812 /* Main.storyboard */ = {
			isa = PBXVariantGroup;
			children = (
				513E5BCA1B4E871E00B8C812 /* Base */,
			);
			name = Main.storyboard;
			sourceTree = "<group>";
		};
		513E5BCE1B4E871E00B8C812 /* LaunchScreen.xib */ = {
			isa = PBXVariantGroup;
			children = (
				513E5BCF1B4E871E00B8C812 /* Base */,
			);
			name = LaunchScreen.xib;
			sourceTree = "<group>";
		};
/* End PBXVariantGroup section */

/* Begin XCBuildConfiguration section */
		513E5BDD1B4E871F00B8C812 /* Debug */ = {
			isa = XCBuildConfiguration;
			buildSettings = {
				ALWAYS_SEARCH_USER_PATHS = NO;
				CLANG_CXX_LANGUAGE_STANDARD = "gnu++0x";
				CLANG_CXX_LIBRARY = "libc++";
				CLANG_ENABLE_MODULES = YES;
				CLANG_ENABLE_OBJC_ARC = YES;
				CLANG_WARN_BOOL_CONVERSION = YES;
				CLANG_WARN_CONSTANT_CONVERSION = YES;
				CLANG_WARN_DIRECT_OBJC_ISA_USAGE = YES_ERROR;
				CLANG_WARN_EMPTY_BODY = YES;
				CLANG_WARN_ENUM_CONVERSION = YES;
				CLANG_WARN_INT_CONVERSION = YES;
				CLANG_WARN_OBJC_ROOT_CLASS = YES_ERROR;
				CLANG_WARN_UNREACHABLE_CODE = YES;
				CLANG_WARN__DUPLICATE_METHOD_MATCH = YES;
				"CODE_SIGN_IDENTITY[sdk=iphoneos*]" = "iPhone Developer";
				COPY_PHASE_STRIP = NO;
				DEBUG_INFORMATION_FORMAT = "dwarf-with-dsym";
				ENABLE_STRICT_OBJC_MSGSEND = YES;
				GCC_C_LANGUAGE_STANDARD = gnu99;
				GCC_DYNAMIC_NO_PIC = NO;
				GCC_NO_COMMON_BLOCKS = YES;
				GCC_OPTIMIZATION_LEVEL = 0;
				GCC_PREPROCESSOR_DEFINITIONS = (
					"DEBUG=1",
					"$(inherited)",
				);
				GCC_SYMBOLS_PRIVATE_EXTERN = NO;
				GCC_WARN_64_TO_32_BIT_CONVERSION = YES;
				GCC_WARN_ABOUT_RETURN_TYPE = YES_ERROR;
				GCC_WARN_UNDECLARED_SELECTOR = YES;
				GCC_WARN_UNINITIALIZED_AUTOS = YES_AGGRESSIVE;
				GCC_WARN_UNUSED_FUNCTION = YES;
				GCC_WARN_UNUSED_VARIABLE = YES;
				IPHONEOS_DEPLOYMENT_TARGET = 8.3;
				MTL_ENABLE_DEBUG_INFO = YES;
				ONLY_ACTIVE_ARCH = YES;
				SDKROOT = iphoneos;
			};
			name = Debug;
		};
		513E5BDE1B4E871F00B8C812 /* Release */ = {
			isa = XCBuildConfiguration;
			buildSettings = {
				ALWAYS_SEARCH_USER_PATHS = NO;
				CLANG_CXX_LANGUAGE_STANDARD = "gnu++0x";
				CLANG_CXX_LIBRARY = "libc++";
				CLANG_ENABLE_MODULES = YES;
				CLANG_ENABLE_OBJC_ARC = YES;
				CLANG_WARN_BOOL_CONVERSION = YES;
				CLANG_WARN_CONSTANT_CONVERSION = YES;
				CLANG_WARN_DIRECT_OBJC_ISA_USAGE = YES_ERROR;
				CLANG_WARN_EMPTY_BODY = YES;
				CLANG_WARN_ENUM_CONVERSION = YES;
				CLANG_WARN_INT_CONVERSION = YES;
				CLANG_WARN_OBJC_ROOT_CLASS = YES_ERROR;
				CLANG_WARN_UNREACHABLE_CODE = YES;
				CLANG_WARN__DUPLICATE_METHOD_MATCH = YES;
				"CODE_SIGN_IDENTITY[sdk=iphoneos*]" = "iPhone Developer";
				COPY_PHASE_STRIP = NO;
				DEBUG_INFORMATION_FORMAT = "dwarf-with-dsym";
				ENABLE_NS_ASSERTIONS = NO;
				ENABLE_STRICT_OBJC_MSGSEND = YES;
				GCC_C_LANGUAGE_STANDARD = gnu99;
				GCC_NO_COMMON_BLOCKS = YES;
				GCC_WARN_64_TO_32_BIT_CONVERSION = YES;
				GCC_WARN_ABOUT_RETURN_TYPE = YES_ERROR;
				GCC_WARN_UNDECLARED_SELECTOR = YES;
				GCC_WARN_UNINITIALIZED_AUTOS = YES_AGGRESSIVE;
				GCC_WARN_UNUSED_FUNCTION = YES;
				GCC_WARN_UNUSED_VARIABLE = YES;
				IPHONEOS_DEPLOYMENT_TARGET = 8.3;
				MTL_ENABLE_DEBUG_INFO = NO;
				SDKROOT = iphoneos;
				VALIDATE_PRODUCT = YES;
			};
			name = Release;
		};
		513E5BE01B4E871F00B8C812 /* Debug */ = {
			isa = XCBuildConfiguration;
			buildSettings = {
				ASSETCATALOG_COMPILER_APPICON_NAME = AppIcon;
				INFOPLIST_FILE = mybutton/Info.plist;
				LD_RUNPATH_SEARCH_PATHS = "$(inherited) @executable_path/Frameworks";
				PRODUCT_NAME = "$(TARGET_NAME)";
			};
			name = Debug;
		};
		513E5BE11B4E871F00B8C812 /* Release */ = {
			isa = XCBuildConfiguration;
			buildSettings = {
				ASSETCATALOG_COMPILER_APPICON_NAME = AppIcon;
				INFOPLIST_FILE = mybutton/Info.plist;
				LD_RUNPATH_SEARCH_PATHS = "$(inherited) @executable_path/Frameworks";
				PRODUCT_NAME = "$(TARGET_NAME)";
			};
			name = Release;
		};
		513E5BE31B4E871F00B8C812 /* Debug */ = {
			isa = XCBuildConfiguration;
			buildSettings = {
				BUNDLE_LOADER = "$(TEST_HOST)";
				FRAMEWORK_SEARCH_PATHS = (
					"$(SDKROOT)/Developer/Library/Frameworks",
					"$(inherited)",
				);
				GCC_PREPROCESSOR_DEFINITIONS = (
					"DEBUG=1",
					"$(inherited)",
				);
				INFOPLIST_FILE = mybuttonTests/Info.plist;
				LD_RUNPATH_SEARCH_PATHS = "$(inherited) @executable_path/Frameworks @loader_path/Frameworks";
				PRODUCT_NAME = "$(TARGET_NAME)";
				TEST_HOST = "$(BUILT_PRODUCTS_DIR)/mybutton.app/mybutton";
			};
			name = Debug;
		};
		513E5BE41B4E871F00B8C812 /* Release */ = {
			isa = XCBuildConfiguration;
			buildSettings = {
				BUNDLE_LOADER = "$(TEST_HOST)";
				FRAMEWORK_SEARCH_PATHS = (
					"$(SDKROOT)/Developer/Library/Frameworks",
					"$(inherited)",
				);
				INFOPLIST_FILE = mybuttonTests/Info.plist;
				LD_RUNPATH_SEARCH_PATHS = "$(inherited) @executable_path/Frameworks @loader_path/Frameworks";
				PRODUCT_NAME = "$(TARGET_NAME)";
				TEST_HOST = "$(BUILT_PRODUCTS_DIR)/mybutton.app/mybutton";
			};
			name = Release;
		};
/* End XCBuildConfiguration section */

/* Begin XCConfigurationList section */
		513E5BB71B4E871E00B8C812 /* Build configuration list for PBXProject "mybutton" */ = {
			isa = XCConfigurationList;
			buildConfigurations = (
				513E5BDD1B4E871F00B8C812 /* Debug */,
				513E5BDE1B4E871F00B8C812 /* Release */,
			);
			defaultConfigurationIsVisible = 0;
			defaultConfigurationName = Release;
		};
		513E5BDF1B4E871F00B8C812 /* Build configuration list for PBXNativeTarget "mybutton" */ = {
			isa = XCConfigurationList;
			buildConfigurations = (
				513E5BE01B4E871F00B8C812 /* Debug */,
				513E5BE11B4E871F00B8C812 /* Release */,
			);
			defaultConfigurationIsVisible = 0;
		};
		513E5BE21B4E871F00B8C812 /* Build configuration list for PBXNativeTarget "mybuttonTests" */ = {
			isa = XCConfigurationList;
			buildConfigurations = (
				513E5BE31B4E871F00B8C812 /* Debug */,
				513E5BE41B4E871F00B8C812 /* Release */,
			);
			defaultConfigurationIsVisible = 0;
		};
/* End XCConfigurationList section */
	};
	rootObject = 513E5BB41B4E871E00B8C812 /* Project object */;
}
